
Microsoft Visual Studio Solution File, Format Version 12.00
# Visual Studio Version 17
VisualStudioVersion = 17.10.35013.160
MinimumVisualStudioVersion = 10.0.40219.1
Project("{FAE04EC0-301F-11D3-BF4B-00C04F79EFBC}") = "Globalization", "Globalization\Globalization.csproj", "{614AD29B-2C8E-452E-878C-75363748F6B5}"
EndProject
Global
	GlobalSection(SolutionConfigurationPlatforms) = preSolution
		Debug|Any CPU = Debug|Any CPU
		Release|Any CPU = Release|Any CPU
	EndGlobalSection
	GlobalSection(ProjectConfigurationPlatforms) = postSolution
		{614AD29B-2C8E-452E-878C-75363748F6B5}.Debug|Any CPU.ActiveCfg = Debug|Any CPU
		{614AD29B-2C8E-452E-878C-75363748F6B5}.Debug|Any CPU.Build.0 = Debug|Any CPU
		{614AD29B-2C8E-452E-878C-75363748F6B5}.Release|Any CPU.ActiveCfg = Release|Any CPU
		{614AD29B-2C8E-452E-878C-75363748F6B5}.Release|Any CPU.Build.0 = Release|Any CPU
	EndGlobalSection
	GlobalSection(SolutionProperties) = preSolution
		HideSolutionNode = FALSE
	EndGlobalSection
	GlobalSection(ExtensibilityGlobals) = postSolution
		SolutionGuid = {6DE7C552-D768-4486-AF77-743AC81623F4}
	EndGlobalSection
EndGlobal
